// !$*UTF8*$!
{
	archiveVersion = 1;
	classes = {
	};
	objectVersion = 46;
	objects = {

/* Begin PBXBuildFile section */
		84079C131E38735200A428DE /* AppDelegate.swift in Sources */ = {isa = PBXBuildFile; fileRef = 84079C121E38735200A428DE /* AppDelegate.swift */; };
		84079C151E38735200A428DE /* LoginViewController.swift in Sources */ = {isa = PBXBuildFile; fileRef = 84079C141E38735200A428DE /* LoginViewController.swift */; };
		84079C181E38735200A428DE /* Main.storyboard in Resources */ = {isa = PBXBuildFile; fileRef = 84079C161E38735200A428DE /* Main.storyboard */; };
		84079C1B1E38735200A428DE /* EmergencyDisasterManagement.xcdatamodeld in Sources */ = {isa = PBXBuildFile; fileRef = 84079C191E38735200A428DE /* EmergencyDisasterManagement.xcdatamodeld */; };
		84079C1D1E38735200A428DE /* Assets.xcassets in Resources */ = {isa = PBXBuildFile; fileRef = 84079C1C1E38735200A428DE /* Assets.xcassets */; };
		84079C201E38735200A428DE /* LaunchScreen.storyboard in Resources */ = {isa = PBXBuildFile; fileRef = 84079C1E1E38735200A428DE /* LaunchScreen.storyboard */; };
		84079C2B1E38735200A428DE /* EmergencyDisasterManagementTests.swift in Sources */ = {isa = PBXBuildFile; fileRef = 84079C2A1E38735200A428DE /* EmergencyDisasterManagementTests.swift */; };
		84079C361E38735200A428DE /* EmergencyDisasterManagementUITests.swift in Sources */ = {isa = PBXBuildFile; fileRef = 84079C351E38735200A428DE /* EmergencyDisasterManagementUITests.swift */; };
		843200321E3EB23B0064440C /* MapKit.framework in Frameworks */ = {isa = PBXBuildFile; fileRef = 843200311E3EB23B0064440C /* MapKit.framework */; };
		843200341E3EB2FC0064440C /* libsqlite3.tbd in Frameworks */ = {isa = PBXBuildFile; fileRef = 843200331E3EB2FC0064440C /* libsqlite3.tbd */; };
		843200361E3EB30A0064440C /* libz.tbd in Frameworks */ = {isa = PBXBuildFile; fileRef = 843200351E3EB30A0064440C /* libz.tbd */; };
		843200401E3EB3380064440C /* AudioToolbox.framework in Frameworks */ = {isa = PBXBuildFile; fileRef = 843200371E3EB3380064440C /* AudioToolbox.framework */; };
		843200411E3EB3380064440C /* CFNetwork.framework in Frameworks */ = {isa = PBXBuildFile; fileRef = 843200381E3EB3380064440C /* CFNetwork.framework */; };
		843200421E3EB3380064440C /* CoreData.framework in Frameworks */ = {isa = PBXBuildFile; fileRef = 843200391E3EB3380064440C /* CoreData.framework */; };
		843200431E3EB3380064440C /* CoreGraphics.framework in Frameworks */ = {isa = PBXBuildFile; fileRef = 8432003A1E3EB3380064440C /* CoreGraphics.framework */; };
		843200441E3EB3380064440C /* CoreLocation.framework in Frameworks */ = {isa = PBXBuildFile; fileRef = 8432003B1E3EB3380064440C /* CoreLocation.framework */; };
		843200451E3EB3380064440C /* QuartzCore.framework in Frameworks */ = {isa = PBXBuildFile; fileRef = 8432003C1E3EB3380064440C /* QuartzCore.framework */; };
		843200461E3EB3380064440C /* Security.framework in Frameworks */ = {isa = PBXBuildFile; fileRef = 8432003D1E3EB3380064440C /* Security.framework */; };
		843200471E3EB3380064440C /* StoreKit.framework in Frameworks */ = {isa = PBXBuildFile; fileRef = 8432003E1E3EB3380064440C /* StoreKit.framework */; };
		843200481E3EB3380064440C /* SystemConfiguration.framework in Frameworks */ = {isa = PBXBuildFile; fileRef = 8432003F1E3EB3380064440C /* SystemConfiguration.framework */; };
		843200581E3EB6510064440C /* Parse.framework in Frameworks */ = {isa = PBXBuildFile; fileRef = 843200571E3EB6510064440C /* Parse.framework */; };
		8432005A1E3EB6610064440C /* Bolts.framework in Frameworks */ = {isa = PBXBuildFile; fileRef = 843200591E3EB6610064440C /* Bolts.framework */; };
		8432005C1E3EB9890064440C /* RegistrationViewController.swift in Sources */ = {isa = PBXBuildFile; fileRef = 8432005B1E3EB9890064440C /* RegistrationViewController.swift */; };
		8432005E1E3ECA850064440C /* UserViewController.swift in Sources */ = {isa = PBXBuildFile; fileRef = 8432005D1E3ECA850064440C /* UserViewController.swift */; };
		843200601E3ECEE20064440C /* Gender Neutral User Filled-100.png in Resources */ = {isa = PBXBuildFile; fileRef = 8432005F1E3ECEE20064440C /* Gender Neutral User Filled-100.png */; };
		8492493F1E4AC24500111FF7 /* Parse-iOS in Resources */ = {isa = PBXBuildFile; fileRef = 8492493E1E4AC24500111FF7 /* Parse-iOS */; };
		849249411E4AC53A00111FF7 /* Disaster.swift in Sources */ = {isa = PBXBuildFile; fileRef = 849249401E4AC53A00111FF7 /* Disaster.swift */; };
		849376611E4AAC24005D47B2 /* RespondViewController.swift in Sources */ = {isa = PBXBuildFile; fileRef = 849376601E4AAC24005D47B2 /* RespondViewController.swift */; };
/* End PBXBuildFile section */

/* Begin PBXContainerItemProxy section */
		84079C271E38735200A428DE /* PBXContainerItemProxy */ = {
			isa = PBXContainerItemProxy;
			containerPortal = 84079C071E38735100A428DE /* Project object */;
			proxyType = 1;
			remoteGlobalIDString = 84079C0E1E38735200A428DE;
			remoteInfo = EmergencyDisasterManagement;
		};
		84079C321E38735200A428DE /* PBXContainerItemProxy */ = {
			isa = PBXContainerItemProxy;
			containerPortal = 84079C071E38735100A428DE /* Project object */;
			proxyType = 1;
			remoteGlobalIDString = 84079C0E1E38735200A428DE;
			remoteInfo = EmergencyDisasterManagement;
		};
/* End PBXContainerItemProxy section */

/* Begin PBXFileReference section */
		84079C0F1E38735200A428DE /* EmergencyDisasterManagement.app */ = {isa = PBXFileReference; explicitFileType = wrapper.application; includeInIndex = 0; path = EmergencyDisasterManagement.app; sourceTree = BUILT_PRODUCTS_DIR; };
		84079C121E38735200A428DE /* AppDelegate.swift */ = {isa = PBXFileReference; lastKnownFileType = sourcecode.swift; path = AppDelegate.swift; sourceTree = "<group>"; };
		84079C141E38735200A428DE /* LoginViewController.swift */ = {isa = PBXFileReference; lastKnownFileType = sourcecode.swift; path = LoginViewController.swift; sourceTree = "<group>"; };
		84079C171E38735200A428DE /* Base */ = {isa = PBXFileReference; lastKnownFileType = file.storyboard; name = Base; path = Base.lproj/Main.storyboard; sourceTree = "<group>"; };
		84079C1A1E38735200A428DE /* EmergencyDisasterManagement.xcdatamodel */ = {isa = PBXFileReference; lastKnownFileType = wrapper.xcdatamodel; path = EmergencyDisasterManagement.xcdatamodel; sourceTree = "<group>"; };
		84079C1C1E38735200A428DE /* Assets.xcassets */ = {isa = PBXFileReference; lastKnownFileType = folder.assetcatalog; path = Assets.xcassets; sourceTree = "<group>"; };
		84079C1F1E38735200A428DE /* Base */ = {isa = PBXFileReference; lastKnownFileType = file.storyboard; name = Base; path = Base.lproj/LaunchScreen.storyboard; sourceTree = "<group>"; };
		84079C211E38735200A428DE /* Info.plist */ = {isa = PBXFileReference; lastKnownFileType = text.plist.xml; path = Info.plist; sourceTree = "<group>"; };
		84079C261E38735200A428DE /* EmergencyDisasterManagementTests.xctest */ = {isa = PBXFileReference; explicitFileType = wrapper.cfbundle; includeInIndex = 0; path = EmergencyDisasterManagementTests.xctest; sourceTree = BUILT_PRODUCTS_DIR; };
		84079C2A1E38735200A428DE /* EmergencyDisasterManagementTests.swift */ = {isa = PBXFileReference; lastKnownFileType = sourcecode.swift; path = EmergencyDisasterManagementTests.swift; sourceTree = "<group>"; };
		84079C2C1E38735200A428DE /* Info.plist */ = {isa = PBXFileReference; lastKnownFileType = text.plist.xml; path = Info.plist; sourceTree = "<group>"; };
		84079C311E38735200A428DE /* EmergencyDisasterManagementUITests.xctest */ = {isa = PBXFileReference; explicitFileType = wrapper.cfbundle; includeInIndex = 0; path = EmergencyDisasterManagementUITests.xctest; sourceTree = BUILT_PRODUCTS_DIR; };
		84079C351E38735200A428DE /* EmergencyDisasterManagementUITests.swift */ = {isa = PBXFileReference; lastKnownFileType = sourcecode.swift; path = EmergencyDisasterManagementUITests.swift; sourceTree = "<group>"; };
		84079C371E38735200A428DE /* Info.plist */ = {isa = PBXFileReference; lastKnownFileType = text.plist.xml; path = Info.plist; sourceTree = "<group>"; };
		843200311E3EB23B0064440C /* MapKit.framework */ = {isa = PBXFileReference; lastKnownFileType = wrapper.framework; name = MapKit.framework; path = System/Library/Frameworks/MapKit.framework; sourceTree = SDKROOT; };
		843200331E3EB2FC0064440C /* libsqlite3.tbd */ = {isa = PBXFileReference; lastKnownFileType = "sourcecode.text-based-dylib-definition"; name = libsqlite3.tbd; path = usr/lib/libsqlite3.tbd; sourceTree = SDKROOT; };
		843200351E3EB30A0064440C /* libz.tbd */ = {isa = PBXFileReference; lastKnownFileType = "sourcecode.text-based-dylib-definition"; name = libz.tbd; path = usr/lib/libz.tbd; sourceTree = SDKROOT; };
		843200371E3EB3380064440C /* AudioToolbox.framework */ = {isa = PBXFileReference; lastKnownFileType = wrapper.framework; name = AudioToolbox.framework; path = System/Library/Frameworks/AudioToolbox.framework; sourceTree = SDKROOT; };
		843200381E3EB3380064440C /* CFNetwork.framework */ = {isa = PBXFileReference; lastKnownFileType = wrapper.framework; name = CFNetwork.framework; path = System/Library/Frameworks/CFNetwork.framework; sourceTree = SDKROOT; };
		843200391E3EB3380064440C /* CoreData.framework */ = {isa = PBXFileReference; lastKnownFileType = wrapper.framework; name = CoreData.framework; path = System/Library/Frameworks/CoreData.framework; sourceTree = SDKROOT; };
		8432003A1E3EB3380064440C /* CoreGraphics.framework */ = {isa = PBXFileReference; lastKnownFileType = wrapper.framework; name = CoreGraphics.framework; path = System/Library/Frameworks/CoreGraphics.framework; sourceTree = SDKROOT; };
		8432003B1E3EB3380064440C /* CoreLocation.framework */ = {isa = PBXFileReference; lastKnownFileType = wrapper.framework; name = CoreLocation.framework; path = System/Library/Frameworks/CoreLocation.framework; sourceTree = SDKROOT; };
		8432003C1E3EB3380064440C /* QuartzCore.framework */ = {isa = PBXFileReference; lastKnownFileType = wrapper.framework; name = QuartzCore.framework; path = System/Library/Frameworks/QuartzCore.framework; sourceTree = SDKROOT; };
		8432003D1E3EB3380064440C /* Security.framework */ = {isa = PBXFileReference; lastKnownFileType = wrapper.framework; name = Security.framework; path = System/Library/Frameworks/Security.framework; sourceTree = SDKROOT; };
		8432003E1E3EB3380064440C /* StoreKit.framework */ = {isa = PBXFileReference; lastKnownFileType = wrapper.framework; name = StoreKit.framework; path = System/Library/Frameworks/StoreKit.framework; sourceTree = SDKROOT; };
		8432003F1E3EB3380064440C /* SystemConfiguration.framework */ = {isa = PBXFileReference; lastKnownFileType = wrapper.framework; name = SystemConfiguration.framework; path = System/Library/Frameworks/SystemConfiguration.framework; sourceTree = SDKROOT; };
		843200571E3EB6510064440C /* Parse.framework */ = {isa = PBXFileReference; lastKnownFileType = wrapper.framework; path = Parse.framework; sourceTree = "<group>"; };
		843200591E3EB6610064440C /* Bolts.framework */ = {isa = PBXFileReference; lastKnownFileType = wrapper.framework; path = Bolts.framework; sourceTree = "<group>"; };
		8432005B1E3EB9890064440C /* RegistrationViewController.swift */ = {isa = PBXFileReference; fileEncoding = 4; lastKnownFileType = sourcecode.swift; path = RegistrationViewController.swift; sourceTree = "<group>"; };
		8432005D1E3ECA850064440C /* UserViewController.swift */ = {isa = PBXFileReference; fileEncoding = 4; lastKnownFileType = sourcecode.swift; path = UserViewController.swift; sourceTree = "<group>"; };
		8432005F1E3ECEE20064440C /* Gender Neutral User Filled-100.png */ = {isa = PBXFileReference; lastKnownFileType = image.png; name = "Gender Neutral User Filled-100.png"; path = "../Gender Neutral User Filled-100.png"; sourceTree = "<group>"; };
		8492493E1E4AC24500111FF7 /* Parse-iOS */ = {isa = PBXFileReference; lastKnownFileType = folder; path = "Parse-iOS"; sourceTree = "<group>"; };
		849249401E4AC53A00111FF7 /* Disaster.swift */ = {isa = PBXFileReference; fileEncoding = 4; lastKnownFileType = sourcecode.swift; path = Disaster.swift; sourceTree = "<group>"; };
		849376601E4AAC24005D47B2 /* RespondViewController.swift */ = {isa = PBXFileReference; fileEncoding = 4; lastKnownFileType = sourcecode.swift; path = RespondViewController.swift; sourceTree = "<group>"; };
/* End PBXFileReference section */

/* Begin PBXFrameworksBuildPhase section */
		84079C0C1E38735200A428DE /* Frameworks */ = {
			isa = PBXFrameworksBuildPhase;
			buildActionMask = 2147483647;
			files = (
				843200401E3EB3380064440C /* AudioToolbox.framework in Frameworks */,
				843200411E3EB3380064440C /* CFNetwork.framework in Frameworks */,
				843200421E3EB3380064440C /* CoreData.framework in Frameworks */,
				843200431E3EB3380064440C /* CoreGraphics.framework in Frameworks */,
				843200441E3EB3380064440C /* CoreLocation.framework in Frameworks */,
				843200451E3EB3380064440C /* QuartzCore.framework in Frameworks */,
				843200581E3EB6510064440C /* Parse.framework in Frameworks */,
				843200461E3EB3380064440C /* Security.framework in Frameworks */,
				843200471E3EB3380064440C /* StoreKit.framework in Frameworks */,
				843200481E3EB3380064440C /* SystemConfiguration.framework in Frameworks */,
				843200361E3EB30A0064440C /* libz.tbd in Frameworks */,
				843200341E3EB2FC0064440C /* libsqlite3.tbd in Frameworks */,
				843200321E3EB23B0064440C /* MapKit.framework in Frameworks */,
				8432005A1E3EB6610064440C /* Bolts.framework in Frameworks */,
			);
			runOnlyForDeploymentPostprocessing = 0;
		};
		84079C231E38735200A428DE /* Frameworks */ = {
			isa = PBXFrameworksBuildPhase;
			buildActionMask = 2147483647;
			files = (
			);
			runOnlyForDeploymentPostprocessing = 0;
		};
		84079C2E1E38735200A428DE /* Frameworks */ = {
			isa = PBXFrameworksBuildPhase;
			buildActionMask = 2147483647;
			files = (
			);
			runOnlyForDeploymentPostprocessing = 0;
		};
/* End PBXFrameworksBuildPhase section */

/* Begin PBXGroup section */
		84079C061E38735100A428DE = {
			isa = PBXGroup;
			children = (
				8492493E1E4AC24500111FF7 /* Parse-iOS */,
				843200371E3EB3380064440C /* AudioToolbox.framework */,
				843200381E3EB3380064440C /* CFNetwork.framework */,
				843200391E3EB3380064440C /* CoreData.framework */,
				8432003A1E3EB3380064440C /* CoreGraphics.framework */,
				8432003B1E3EB3380064440C /* CoreLocation.framework */,
				8432003C1E3EB3380064440C /* QuartzCore.framework */,
				8432003D1E3EB3380064440C /* Security.framework */,
				8432003E1E3EB3380064440C /* StoreKit.framework */,
				8432003F1E3EB3380064440C /* SystemConfiguration.framework */,
				843200351E3EB30A0064440C /* libz.tbd */,
				843200331E3EB2FC0064440C /* libsqlite3.tbd */,
				843200591E3EB6610064440C /* Bolts.framework */,
				843200571E3EB6510064440C /* Parse.framework */,
				843200311E3EB23B0064440C /* MapKit.framework */,
				84079C111E38735200A428DE /* EmergencyDisasterManagement */,
				84079C291E38735200A428DE /* EmergencyDisasterManagementTests */,
				84079C341E38735200A428DE /* EmergencyDisasterManagementUITests */,
				84079C101E38735200A428DE /* Products */,
			);
			sourceTree = "<group>";
		};
		84079C101E38735200A428DE /* Products */ = {
			isa = PBXGroup;
			children = (
				84079C0F1E38735200A428DE /* EmergencyDisasterManagement.app */,
				84079C261E38735200A428DE /* EmergencyDisasterManagementTests.xctest */,
				84079C311E38735200A428DE /* EmergencyDisasterManagementUITests.xctest */,
			);
			name = Products;
			sourceTree = "<group>";
		};
		84079C111E38735200A428DE /* EmergencyDisasterManagement */ = {
			isa = PBXGroup;
			children = (
				84079C121E38735200A428DE /* AppDelegate.swift */,
				84079C141E38735200A428DE /* LoginViewController.swift */,
				849249401E4AC53A00111FF7 /* Disaster.swift */,
				84079C161E38735200A428DE /* Main.storyboard */,
				849376601E4AAC24005D47B2 /* RespondViewController.swift */,
				8432005D1E3ECA850064440C /* UserViewController.swift */,
				8432005B1E3EB9890064440C /* RegistrationViewController.swift */,
				84079C1C1E38735200A428DE /* Assets.xcassets */,
				8432005F1E3ECEE20064440C /* Gender Neutral User Filled-100.png */,
				84079C1E1E38735200A428DE /* LaunchScreen.storyboard */,
				84079C211E38735200A428DE /* Info.plist */,
				84079C191E38735200A428DE /* EmergencyDisasterManagement.xcdatamodeld */,
			);
			path = EmergencyDisasterManagement;
			sourceTree = "<group>";
		};
		84079C291E38735200A428DE /* EmergencyDisasterManagementTests */ = {
			isa = PBXGroup;
			children = (
				84079C2A1E38735200A428DE /* EmergencyDisasterManagementTests.swift */,
				84079C2C1E38735200A428DE /* Info.plist */,
			);
			path = EmergencyDisasterManagementTests;
			sourceTree = "<group>";
		};
		84079C341E38735200A428DE /* EmergencyDisasterManagementUITests */ = {
			isa = PBXGroup;
			children = (
				84079C351E38735200A428DE /* EmergencyDisasterManagementUITests.swift */,
				84079C371E38735200A428DE /* Info.plist */,
			);
			path = EmergencyDisasterManagementUITests;
			sourceTree = "<group>";
		};
/* End PBXGroup section */

/* Begin PBXNativeTarget section */
		84079C0E1E38735200A428DE /* EmergencyDisasterManagement */ = {
			isa = PBXNativeTarget;
			buildConfigurationList = 84079C3A1E38735200A428DE /* Build configuration list for PBXNativeTarget "EmergencyDisasterManagement" */;
			buildPhases = (
				84079C0B1E38735200A428DE /* Sources */,
				84079C0C1E38735200A428DE /* Frameworks */,
				84079C0D1E38735200A428DE /* Resources */,
			);
			buildRules = (
			);
			dependencies = (
			);
			name = EmergencyDisasterManagement;
			productName = EmergencyDisasterManagement;
			productReference = 84079C0F1E38735200A428DE /* EmergencyDisasterManagement.app */;
			productType = "com.apple.product-type.application";
		};
		84079C251E38735200A428DE /* EmergencyDisasterManagementTests */ = {
			isa = PBXNativeTarget;
			buildConfigurationList = 84079C3D1E38735200A428DE /* Build configuration list for PBXNativeTarget "EmergencyDisasterManagementTests" */;
			buildPhases = (
				84079C221E38735200A428DE /* Sources */,
				84079C231E38735200A428DE /* Frameworks */,
				84079C241E38735200A428DE /* Resources */,
			);
			buildRules = (
			);
			dependencies = (
				84079C281E38735200A428DE /* PBXTargetDependency */,
			);
			name = EmergencyDisasterManagementTests;
			productName = EmergencyDisasterManagementTests;
			productReference = 84079C261E38735200A428DE /* EmergencyDisasterManagementTests.xctest */;
			productType = "com.apple.product-type.bundle.unit-test";
		};
		84079C301E38735200A428DE /* EmergencyDisasterManagementUITests */ = {
			isa = PBXNativeTarget;
			buildConfigurationList = 84079C401E38735200A428DE /* Build configuration list for PBXNativeTarget "EmergencyDisasterManagementUITests" */;
			buildPhases = (
				84079C2D1E38735200A428DE /* Sources */,
				84079C2E1E38735200A428DE /* Frameworks */,
				84079C2F1E38735200A428DE /* Resources */,
			);
			buildRules = (
			);
			dependencies = (
				84079C331E38735200A428DE /* PBXTargetDependency */,
			);
			name = EmergencyDisasterManagementUITests;
			productName = EmergencyDisasterManagementUITests;
			productReference = 84079C311E38735200A428DE /* EmergencyDisasterManagementUITests.xctest */;
			productType = "com.apple.product-type.bundle.ui-testing";
		};
/* End PBXNativeTarget section */

/* Begin PBXProject section */
		84079C071E38735100A428DE /* Project object */ = {
			isa = PBXProject;
			attributes = {
				LastSwiftUpdateCheck = 0730;
				LastUpgradeCheck = 0730;
				ORGANIZATIONNAME = "Anurag Veerapaneni";
				TargetAttributes = {
					84079C0E1E38735200A428DE = {
						CreatedOnToolsVersion = 7.3.1;
						DevelopmentTeam = 7EFL56NPDD;
					};
					84079C251E38735200A428DE = {
						CreatedOnToolsVersion = 7.3.1;
						TestTargetID = 84079C0E1E38735200A428DE;
					};
					84079C301E38735200A428DE = {
						CreatedOnToolsVersion = 7.3.1;
						TestTargetID = 84079C0E1E38735200A428DE;
					};
				};
			};
			buildConfigurationList = 84079C0A1E38735100A428DE /* Build configuration list for PBXProject "EmergencyDisasterManagement" */;
			compatibilityVersion = "Xcode 3.2";
			developmentRegion = English;
			hasScannedForEncodings = 0;
			knownRegions = (
				en,
				Base,
			);
			mainGroup = 84079C061E38735100A428DE;
			productRefGroup = 84079C101E38735200A428DE /* Products */;
			projectDirPath = "";
			projectRoot = "";
			targets = (
				84079C0E1E38735200A428DE /* EmergencyDisasterManagement */,
				84079C251E38735200A428DE /* EmergencyDisasterManagementTests */,
				84079C301E38735200A428DE /* EmergencyDisasterManagementUITests */,
			);
		};
/* End PBXProject section */

/* Begin PBXResourcesBuildPhase section */
		84079C0D1E38735200A428DE /* Resources */ = {
			isa = PBXResourcesBuildPhase;
			buildActionMask = 2147483647;
			files = (
				8492493F1E4AC24500111FF7 /* Parse-iOS in Resources */,
				843200601E3ECEE20064440C /* Gender Neutral User Filled-100.png in Resources */,
				84079C201E38735200A428DE /* LaunchScreen.storyboard in Resources */,
				84079C1D1E38735200A428DE /* Assets.xcassets in Resources */,
				84079C181E38735200A428DE /* Main.storyboard in Resources */,
			);
			runOnlyForDeploymentPostprocessing = 0;
		};
		84079C241E38735200A428DE /* Resources */ = {
			isa = PBXResourcesBuildPhase;
			buildActionMask = 2147483647;
			files = (
			);
			runOnlyForDeploymentPostprocessing = 0;
		};
		84079C2F1E38735200A428DE /* Resources */ = {
			isa = PBXResourcesBuildPhase;
			buildActionMask = 2147483647;
			files = (
			);
			runOnlyForDeploymentPostprocessing = 0;
		};
/* End PBXResourcesBuildPhase section */

/* Begin PBXSourcesBuildPhase section */
		84079C0B1E38735200A428DE /* Sources */ = {
			isa = PBXSourcesBuildPhase;
			buildActionMask = 2147483647;
			files = (
				849376611E4AAC24005D47B2 /* RespondViewController.swift in Sources */,
				84079C151E38735200A428DE /* LoginViewController.swift in Sources */,
				849249411E4AC53A00111FF7 /* Disaster.swift in Sources */,
				8432005E1E3ECA850064440C /* UserViewController.swift in Sources */,
				84079C131E38735200A428DE /* AppDelegate.swift in Sources */,
				8432005C1E3EB9890064440C /* RegistrationViewController.swift in Sources */,
				84079C1B1E38735200A428DE /* EmergencyDisasterManagement.xcdatamodeld in Sources */,
			);
			runOnlyForDeploymentPostprocessing = 0;
		};
		84079C221E38735200A428DE /* Sources */ = {
			isa = PBXSourcesBuildPhase;
			buildActionMask = 2147483647;
			files = (
				84079C2B1E38735200A428DE /* EmergencyDisasterManagementTests.swift in Sources */,
			);
			runOnlyForDeploymentPostprocessing = 0;
		};
		84079C2D1E38735200A428DE /* Sources */ = {
			isa = PBXSourcesBuildPhase;
			buildActionMask = 2147483647;
			files = (
				84079C361E38735200A428DE /* EmergencyDisasterManagementUITests.swift in Sources */,
			);
			runOnlyForDeploymentPostprocessing = 0;
		};
/* End PBXSourcesBuildPhase section */

/* Begin PBXTargetDependency section */
		84079C281E38735200A428DE /* PBXTargetDependency */ = {
			isa = PBXTargetDependency;
			target = 84079C0E1E38735200A428DE /* EmergencyDisasterManagement */;
			targetProxy = 84079C271E38735200A428DE /* PBXContainerItemProxy */;
		};
		84079C331E38735200A428DE /* PBXTargetDependency */ = {
			isa = PBXTargetDependency;
			target = 84079C0E1E38735200A428DE /* EmergencyDisasterManagement */;
			targetProxy = 84079C321E38735200A428DE /* PBXContainerItemProxy */;
		};
/* End PBXTargetDependency section */

/* Begin PBXVariantGroup section */
		84079C161E38735200A428DE /* Main.storyboard */ = {
			isa = PBXVariantGroup;
			children = (
				84079C171E38735200A428DE /* Base */,
			);
			name = Main.storyboard;
			sourceTree = "<group>";
		};
		84079C1E1E38735200A428DE /* LaunchScreen.storyboard */ = {
			isa = PBXVariantGroup;
			children = (
				84079C1F1E38735200A428DE /* Base */,
			);
			name = LaunchScreen.storyboard;
			sourceTree = "<group>";
		};
/* End PBXVariantGroup section */

/* Begin XCBuildConfiguration section */
		84079C381E38735200A428DE /* Debug */ = {
			isa = XCBuildConfiguration;
			buildSettings = {
				ALWAYS_SEARCH_USER_PATHS = NO;
				CLANG_ANALYZER_NONNULL = YES;
				CLANG_CXX_LANGUAGE_STANDARD = "gnu++0x";
				CLANG_CXX_LIBRARY = "libc++";
				CLANG_ENABLE_MODULES = YES;
				CLANG_ENABLE_OBJC_ARC = YES;
				CLANG_WARN_BOOL_CONVERSION = YES;
				CLANG_WARN_CONSTANT_CONVERSION = YES;
				CLANG_WARN_DIRECT_OBJC_ISA_USAGE = YES_ERROR;
				CLANG_WARN_EMPTY_BODY = YES;
				CLANG_WARN_ENUM_CONVERSION = YES;
				CLANG_WARN_INT_CONVERSION = YES;
				CLANG_WARN_OBJC_ROOT_CLASS = YES_ERROR;
				CLANG_WARN_UNREACHABLE_CODE = YES;
				CLANG_WARN__DUPLICATE_METHOD_MATCH = YES;
				"CODE_SIGN_IDENTITY[sdk=iphoneos*]" = "iPhone Developer";
				COPY_PHASE_STRIP = NO;
				DEBUG_INFORMATION_FORMAT = dwarf;
				ENABLE_STRICT_OBJC_MSGSEND = YES;
				ENABLE_TESTABILITY = YES;
				GCC_C_LANGUAGE_STANDARD = gnu99;
				GCC_DYNAMIC_NO_PIC = NO;
				GCC_NO_COMMON_BLOCKS = YES;
				GCC_OPTIMIZATION_LEVEL = 0;
				GCC_PREPROCESSOR_DEFINITIONS = (
					"DEBUG=1",
					"$(inherited)",
				);
				GCC_WARN_64_TO_32_BIT_CONVERSION = YES;
				GCC_WARN_ABOUT_RETURN_TYPE = YES_ERROR;
				GCC_WARN_UNDECLARED_SELECTOR = YES;
				GCC_WARN_UNINITIALIZED_AUTOS = YES_AGGRESSIVE;
				GCC_WARN_UNUSED_FUNCTION = YES;
				GCC_WARN_UNUSED_VARIABLE = YES;
				IPHONEOS_DEPLOYMENT_TARGET = 9.3;
				MTL_ENABLE_DEBUG_INFO = YES;
				ONLY_ACTIVE_ARCH = YES;
				SDKROOT = iphoneos;
				SWIFT_OPTIMIZATION_LEVEL = "-Onone";
				TARGETED_DEVICE_FAMILY = "1,2";
			};
			name = Debug;
		};
		84079C391E38735200A428DE /* Release */ = {
			isa = XCBuildConfiguration;
			buildSettings = {
				ALWAYS_SEARCH_USER_PATHS = NO;
				CLANG_ANALYZER_NONNULL = YES;
				CLANG_CXX_LANGUAGE_STANDARD = "gnu++0x";
				CLANG_CXX_LIBRARY = "libc++";
				CLANG_ENABLE_MODULES = YES;
				CLANG_ENABLE_OBJC_ARC = YES;
				CLANG_WARN_BOOL_CONVERSION = YES;
				CLANG_WARN_CONSTANT_CONVERSION = YES;
				CLANG_WARN_DIRECT_OBJC_ISA_USAGE = YES_ERROR;
				CLANG_WARN_EMPTY_BODY = YES;
				CLANG_WARN_ENUM_CONVERSION = YES;
				CLANG_WARN_INT_CONVERSION = YES;
				CLANG_WARN_OBJC_ROOT_CLASS = YES_ERROR;
				CLANG_WARN_UNREACHABLE_CODE = YES;
				CLANG_WARN__DUPLICATE_METHOD_MATCH = YES;
				"CODE_SIGN_IDENTITY[sdk=iphoneos*]" = "iPhone Developer";
				COPY_PHASE_STRIP = NO;
				DEBUG_INFORMATION_FORMAT = "dwarf-with-dsym";
				ENABLE_NS_ASSERTIONS = NO;
				ENABLE_STRICT_OBJC_MSGSEND = YES;
				GCC_C_LANGUAGE_STANDARD = gnu99;
				GCC_NO_COMMON_BLOCKS = YES;
				GCC_WARN_64_TO_32_BIT_CONVERSION = YES;
				GCC_WARN_ABOUT_RETURN_TYPE = YES_ERROR;
				GCC_WARN_UNDECLARED_SELECTOR = YES;
				GCC_WARN_UNINITIALIZED_AUTOS = YES_AGGRESSIVE;
				GCC_WARN_UNUSED_FUNCTION = YES;
				GCC_WARN_UNUSED_VARIABLE = YES;
				IPHONEOS_DEPLOYMENT_TARGET = 9.3;
				MTL_ENABLE_DEBUG_INFO = NO;
				SDKROOT = iphoneos;
				TARGETED_DEVICE_FAMILY = "1,2";
				VALIDATE_PRODUCT = YES;
			};
			name = Release;
		};
		84079C3B1E38735200A428DE /* Debug */ = {
			isa = XCBuildConfiguration;
			buildSettings = {
				ASSETCATALOG_COMPILER_APPICON_NAME = AppIcon;
				CODE_SIGN_IDENTITY = "iPhone Developer";
				"CODE_SIGN_IDENTITY[sdk=iphoneos*]" = "iPhone Developer";
				FRAMEWORK_SEARCH_PATHS = (
					"$(inherited)",
					"$(PROJECT_DIR)",
				);
				INFOPLIST_FILE = EmergencyDisasterManagement/Info.plist;
				LD_RUNPATH_SEARCH_PATHS = "$(inherited) @executable_path/Frameworks";
				PRODUCT_BUNDLE_IDENTIFIER = nwmissouri.edu.EmergencyDisasterManagement;
				PRODUCT_NAME = "$(TARGET_NAME)";
				PROVISIONING_PROFILE = "";
			};
			name = Debug;
		};
		84079C3C1E38735200A428DE /* Release */ = {
			isa = XCBuildConfiguration;
			buildSettings = {
				ASSETCATALOG_COMPILER_APPICON_NAME = AppIcon;
				CODE_SIGN_IDENTITY = "iPhone Developer";
				"CODE_SIGN_IDENTITY[sdk=iphoneos*]" = "iPhone Developer";
				FRAMEWORK_SEARCH_PATHS = (
					"$(inherited)",
					"$(PROJECT_DIR)",
				);
				INFOPLIST_FILE = EmergencyDisasterManagement/Info.plist;
				LD_RUNPATH_SEARCH_PATHS = "$(inherited) @executable_path/Frameworks";
				PRODUCT_BUNDLE_IDENTIFIER = nwmissouri.edu.EmergencyDisasterManagement;
				PRODUCT_NAME = "$(TARGET_NAME)";
				PROVISIONING_PROFILE = "";
			};
			name = Release;
		};
		84079C3E1E38735200A428DE /* Debug */ = {
			isa = XCBuildConfiguration;
			buildSettings = {
				BUNDLE_LOADER = "$(TEST_HOST)";
				INFOPLIST_FILE = EmergencyDisasterManagementTests/Info.plist;
				LD_RUNPATH_SEARCH_PATHS = "$(inherited) @executable_path/Frameworks @loader_path/Frameworks";
				PRODUCT_BUNDLE_IDENTIFIER = nwmissouri.edu.EmergencyDisasterManagementTests;
				PRODUCT_NAME = "$(TARGET_NAME)";
				TEST_HOST = "$(BUILT_PRODUCTS_DIR)/EmergencyDisasterManagement.app/EmergencyDisasterManagement";
			};
			name = Debug;
		};
		84079C3F1E38735200A428DE /* Release */ = {
			isa = XCBuildConfiguration;
			buildSettings = {
				BUNDLE_LOADER = "$(TEST_HOST)";
				INFOPLIST_FILE = EmergencyDisasterManagementTests/Info.plist;
				LD_RUNPATH_SEARCH_PATHS = "$(inherited) @executable_path/Frameworks @loader_path/Frameworks";
				PRODUCT_BUNDLE_IDENTIFIER = nwmissouri.edu.EmergencyDisasterManagementTests;
				PRODUCT_NAME = "$(TARGET_NAME)";
				TEST_HOST = "$(BUILT_PRODUCTS_DIR)/EmergencyDisasterManagement.app/EmergencyDisasterManagement";
			};
			name = Release;
		};
		84079C411E38735200A428DE /* Debug */ = {
			isa = XCBuildConfiguration;
			buildSettings = {
				INFOPLIST_FILE = EmergencyDisasterManagementUITests/Info.plist;
				LD_RUNPATH_SEARCH_PATHS = "$(inherited) @executable_path/Frameworks @loader_path/Frameworks";
				PRODUCT_BUNDLE_IDENTIFIER = nwmissouri.edu.EmergencyDisasterManagementUITests;
				PRODUCT_NAME = "$(TARGET_NAME)";
				TEST_TARGET_NAME = EmergencyDisasterManagement;
			};
			name = Debug;
		};
		84079C421E38735200A428DE /* Release */ = {
			isa = XCBuildConfiguration;
			buildSettings = {
				INFOPLIST_FILE = EmergencyDisasterManagementUITests/Info.plist;
				LD_RUNPATH_SEARCH_PATHS = "$(inherited) @executable_path/Frameworks @loader_path/Frameworks";
				PRODUCT_BUNDLE_IDENTIFIER = nwmissouri.edu.EmergencyDisasterManagementUITests;
				PRODUCT_NAME = "$(TARGET_NAME)";
				TEST_TARGET_NAME = EmergencyDisasterManagement;
			};
			name = Release;
		};
/* End XCBuildConfiguration section */

/* Begin XCConfigurationList section */
		84079C0A1E38735100A428DE /* Build configuration list for PBXProject "EmergencyDisasterManagement" */ = {
			isa = XCConfigurationList;
			buildConfigurations = (
				84079C381E38735200A428DE /* Debug */,
				84079C391E38735200A428DE /* Release */,
			);
			defaultConfigurationIsVisible = 0;
			defaultConfigurationName = Release;
		};
		84079C3A1E38735200A428DE /* Build configuration list for PBXNativeTarget "EmergencyDisasterManagement" */ = {
			isa = XCConfigurationList;
			buildConfigurations = (
				84079C3B1E38735200A428DE /* Debug */,
				84079C3C1E38735200A428DE /* Release */,
			);
			defaultConfigurationIsVisible = 0;
			defaultConfigurationName = Release;
		};
		84079C3D1E38735200A428DE /* Build configuration list for PBXNativeTarget "EmergencyDisasterManagementTests" */ = {
			isa = XCConfigurationList;
			buildConfigurations = (
				84079C3E1E38735200A428DE /* Debug */,
				84079C3F1E38735200A428DE /* Release */,
			);
			defaultConfigurationIsVisible = 0;
			defaultConfigurationName = Release;
		};
		84079C401E38735200A428DE /* Build configuration list for PBXNativeTarget "EmergencyDisasterManagementUITests" */ = {
			isa = XCConfigurationList;
			buildConfigurations = (
				84079C411E38735200A428DE /* Debug */,
				84079C421E38735200A428DE /* Release */,
			);
			defaultConfigurationIsVisible = 0;
			defaultConfigurationName = Release;
		};
/* End XCConfigurationList section */

/* Begin XCVersionGroup section */
		84079C191E38735200A428DE /* EmergencyDisasterManagement.xcdatamodeld */ = {
			isa = XCVersionGroup;
			children = (
				84079C1A1E38735200A428DE /* EmergencyDisasterManagement.xcdatamodel */,
			);
			currentVersion = 84079C1A1E38735200A428DE /* EmergencyDisasterManagement.xcdatamodel */;
			path = EmergencyDisasterManagement.xcdatamodeld;
			sourceTree = "<group>";
			versionGroupType = wrapper.xcdatamodel;
		};
/* End XCVersionGroup section */
	};
	rootObject = 84079C071E38735100A428DE /* Project object */;
}
